
Microsoft Visual Studio Solution File, Format Version 12.00
# Visual Studio Version 17
VisualStudioVersion = 17.14.37012.4 d17.14
MinimumVisualStudioVersion = 10.0.40219.1
Project("{FAE04EC0-301F-11D3-BF4B-00C04F79EFBC}") = "FunctionalProgramming", "FunctionalProgramming\FunctionalProgramming.csproj", "{96F8F66C-C919-4F94-94B1-31A59F0FF333}"
EndProject
Project("{FAE04EC0-301F-11D3-BF4B-00C04F79EFBC}") = "FunctionalProgramming.Tests", "FunctionalProgramming.Tests\FunctionalProgramming.Tests.csproj", "{E729C2FA-0738-45AB-818B-E8216479CBB0}"
EndProject
Global
	GlobalSection(SolutionConfigurationPlatforms) = preSolution
		Debug|Any CPU = Debug|Any CPU
		Release|Any CPU = Release|Any CPU
	EndGlobalSection
	GlobalSection(ProjectConfigurationPlatforms) = postSolution
		{96F8F66C-C919-4F94-94B1-31A59F0FF333}.Debug|Any CPU.ActiveCfg = Debug|Any CPU
		{96F8F66C-C919-4F94-94B1-31A59F0FF333}.Debug|Any CPU.Build.0 = Debug|Any CPU
		{96F8F66C-C919-4F94-94B1-31A59F0FF333}.Release|Any CPU.ActiveCfg = Release|Any CPU
		{96F8F66C-C919-4F94-94B1-31A59F0FF333}.Release|Any CPU.Build.0 = Release|Any CPU
		{E729C2FA-0738-45AB-818B-E8216479CBB0}.Debug|Any CPU.ActiveCfg = Debug|Any CPU
		{E729C2FA-0738-45AB-818B-E8216479CBB0}.Debug|Any CPU.Build.0 = Debug|Any CPU
		{E729C2FA-0738-45AB-818B-E8216479CBB0}.Release|Any CPU.ActiveCfg = Release|Any CPU
		{E729C2FA-0738-45AB-818B-E8216479CBB0}.Release|Any CPU.Build.0 = Release|Any CPU
	EndGlobalSection
	GlobalSection(SolutionProperties) = preSolution
		HideSolutionNode = FALSE
	EndGlobalSection
	GlobalSection(ExtensibilityGlobals) = postSolution
		SolutionGuid = {A98377FE-88B8-41D3-B9E7-5C17D08BB3C6}
	EndGlobalSection
EndGlobal
